
Microsoft Visual Studio Solution File, Format Version 12.00
Project("{FAE04EC0-301F-11D3-BF4B-00C04F79EFBC}") = "sfpl-dotnet", "sfpl-dotnet\sfpl-dotnet.csproj", "{889D44B2-037B-4CE5-BF23-1F44217D9197}"
EndProject
Project("{FAE04EC0-301F-11D3-BF4B-00C04F79EFBC}") = "tests", "tests\tests.csproj", "{5E085D26-4D40-4967-A282-E59B8D98FF6A}"
EndProject
Global
	GlobalSection(SolutionConfigurationPlatforms) = preSolution
		Debug|Any CPU = Debug|Any CPU
		Release|Any CPU = Release|Any CPU
	EndGlobalSection
	GlobalSection(ProjectConfigurationPlatforms) = postSolution
		{889D44B2-037B-4CE5-BF23-1F44217D9197}.Debug|Any CPU.ActiveCfg = Debug|Any CPU
		{889D44B2-037B-4CE5-BF23-1F44217D9197}.Debug|Any CPU.Build.0 = Debug|Any CPU
		{889D44B2-037B-4CE5-BF23-1F44217D9197}.Release|Any CPU.ActiveCfg = Release|Any CPU
		{889D44B2-037B-4CE5-BF23-1F44217D9197}.Release|Any CPU.Build.0 = Release|Any CPU
		{5E085D26-4D40-4967-A282-E59B8D98FF6A}.Debug|Any CPU.ActiveCfg = Debug|Any CPU
		{5E085D26-4D40-4967-A282-E59B8D98FF6A}.Debug|Any CPU.Build.0 = Debug|Any CPU
		{5E085D26-4D40-4967-A282-E59B8D98FF6A}.Release|Any CPU.ActiveCfg = Release|Any CPU
		{5E085D26-4D40-4967-A282-E59B8D98FF6A}.Release|Any CPU.Build.0 = Release|Any CPU
	EndGlobalSection
EndGlobal
